// !$*UTF8*$!
{
	archiveVersion = 1;
	classes = {
	};
	objectVersion = 50;
	objects = {

/* Begin PBXBuildFile section */
		8907AE6A2225A03B00A1B6EC /* UITableView.swift in Sources */ = {isa = PBXBuildFile; fileRef = 8907AE692225A03B00A1B6EC /* UITableView.swift */; };
		89089F5921C7FA43005E42B3 /* Comment.swift in Sources */ = {isa = PBXBuildFile; fileRef = 89089F5821C7FA43005E42B3 /* Comment.swift */; };
		89089F5B21CD2C20005E42B3 /* Feed.swift in Sources */ = {isa = PBXBuildFile; fileRef = 89089F5A21CD2C20005E42B3 /* Feed.swift */; };
		89089F5D21CD49B7005E42B3 /* FeedDataSource.swift in Sources */ = {isa = PBXBuildFile; fileRef = 89089F5C21CD49B7005E42B3 /* FeedDataSource.swift */; };
		89089F5F21CD4DC2005E42B3 /* FeedCell.swift in Sources */ = {isa = PBXBuildFile; fileRef = 89089F5E21CD4DC2005E42B3 /* FeedCell.swift */; };
		89095A2721E08F0700FAEDF2 /* URLComponents+addOrModifyQueryItem.swift in Sources */ = {isa = PBXBuildFile; fileRef = 89095A2621E08F0700FAEDF2 /* URLComponents+addOrModifyQueryItem.swift */; };
		89095A2921E321F100FAEDF2 /* AlgoliaItem.swift in Sources */ = {isa = PBXBuildFile; fileRef = 89095A2821E321F100FAEDF2 /* AlgoliaItem.swift */; };
		8918A73420BC784E00129A0E /* CommentCell.swift in Sources */ = {isa = PBXBuildFile; fileRef = 8918A73320BC784E00129A0E /* CommentCell.swift */; };
		891E03A72213E9240001DB63 /* HNError.swift in Sources */ = {isa = PBXBuildFile; fileRef = 891E03A62213E9240001DB63 /* HNError.swift */; };
		891E03A92215C2DD0001DB63 /* State.swift in Sources */ = {isa = PBXBuildFile; fileRef = 891E03A82215C2DD0001DB63 /* State.swift */; };
		891E119A2143CD2900871615 /* Item.swift in Sources */ = {isa = PBXBuildFile; fileRef = 891E11992143CD2900871615 /* Item.swift */; };
		892749ED21D50BF100E67546 /* FeedList.plist in Resources */ = {isa = PBXBuildFile; fileRef = 892749EC21D50BF100E67546 /* FeedList.plist */; };
		89336B2521E6237D00822673 /* JSONResponseParser.swift in Sources */ = {isa = PBXBuildFile; fileRef = 89336B2421E6237D00822673 /* JSONResponseParser.swift */; };
		89336B2721E7918C00822673 /* HTMLParser.swift in Sources */ = {isa = PBXBuildFile; fileRef = 89336B2621E7918C00822673 /* HTMLParser.swift */; };
		893CA75B224BB95A00BDA9FF /* AboutViewController.swift in Sources */ = {isa = PBXBuildFile; fileRef = 893CA75A224BB95A00BDA9FF /* AboutViewController.swift */; };
		893CA75D224BBBC800BDA9FF /* UIImage.swift in Sources */ = {isa = PBXBuildFile; fileRef = 893CA75C224BBBC800BDA9FF /* UIImage.swift */; };
		893CA75F224BBC0500BDA9FF /* NSMutableAttributedString.swift in Sources */ = {isa = PBXBuildFile; fileRef = 893CA75E224BBC0500BDA9FF /* NSMutableAttributedString.swift */; };
		893FB66820B8494A007771A3 /* AppDelegate.swift in Sources */ = {isa = PBXBuildFile; fileRef = 893FB66720B8494A007771A3 /* AppDelegate.swift */; };
		893FB66A20B8494B007771A3 /* StoriesViewController.swift in Sources */ = {isa = PBXBuildFile; fileRef = 893FB66920B8494B007771A3 /* StoriesViewController.swift */; };
		893FB66C20B8494B007771A3 /* CommentsViewController.swift in Sources */ = {isa = PBXBuildFile; fileRef = 893FB66B20B8494B007771A3 /* CommentsViewController.swift */; };
		893FB66F20B8494B007771A3 /* Main.storyboard in Resources */ = {isa = PBXBuildFile; fileRef = 893FB66D20B8494B007771A3 /* Main.storyboard */; };
		893FB67120B8494D007771A3 /* Assets.xcassets in Resources */ = {isa = PBXBuildFile; fileRef = 893FB67020B8494D007771A3 /* Assets.xcassets */; };
		893FB67420B8494D007771A3 /* LaunchScreen.storyboard in Resources */ = {isa = PBXBuildFile; fileRef = 893FB67220B8494D007771A3 /* LaunchScreen.storyboard */; };
		894B80BD20B95D7E002C313E /* ItemCell.swift in Sources */ = {isa = PBXBuildFile; fileRef = 894B80BC20B95D7E002C313E /* ItemCell.swift */; };
		895B424C2205A0B6008F5994 /* NSAttributedString_TrimmingCharacters.swift in Sources */ = {isa = PBXBuildFile; fileRef = 895B424B2205A0B6008F5994 /* NSAttributedString_TrimmingCharacters.swift */; };
		8966AD1F224DF5060035A430 /* BookmarkList.plist in Resources */ = {isa = PBXBuildFile; fileRef = 8966AD1E224DF5060035A430 /* BookmarkList.plist */; };
		8966AD21224DF51A0035A430 /* Bookmark.swift in Sources */ = {isa = PBXBuildFile; fileRef = 8966AD20224DF51A0035A430 /* Bookmark.swift */; };
		897D066E2230EB57006B831F /* SettingsSplitViewController.swift in Sources */ = {isa = PBXBuildFile; fileRef = 897D066D2230EB57006B831F /* SettingsSplitViewController.swift */; };
		89A8A32020DBA607007A8664 /* StoreKit.framework in Frameworks */ = {isa = PBXBuildFile; fileRef = 89A8A31F20DBA607007A8664 /* StoreKit.framework */; };
		89BE85AB22316604001D7870 /* SettingsMasterViewController.swift in Sources */ = {isa = PBXBuildFile; fileRef = 89BE85AA22316604001D7870 /* SettingsMasterViewController.swift */; };
		89BE85B322326E98001D7870 /* DefaultsTableViewController.swift in Sources */ = {isa = PBXBuildFile; fileRef = 89BE85B222326E98001D7870 /* DefaultsTableViewController.swift */; };
		89BE85B522327762001D7870 /* AppearanceTableViewController.swift in Sources */ = {isa = PBXBuildFile; fileRef = 89BE85B422327762001D7870 /* AppearanceTableViewController.swift */; };
		89BE85B92236B5D3001D7870 /* Timely.xcdatamodeld in Sources */ = {isa = PBXBuildFile; fileRef = 89BE85B72236B5D3001D7870 /* Timely.xcdatamodeld */; };
		89BE85BF223A2748001D7870 /* UISlider.swift in Sources */ = {isa = PBXBuildFile; fileRef = 89BE85BE223A2748001D7870 /* UISlider.swift */; };
		89C435CE221E9E5500288A6D /* FeedSelectView.swift in Sources */ = {isa = PBXBuildFile; fileRef = 89C435CD221E9E5500288A6D /* FeedSelectView.swift */; };
		89C435D0221EA34F00288A6D /* UIView.swift in Sources */ = {isa = PBXBuildFile; fileRef = 89C435CF221EA34F00288A6D /* UIView.swift */; };
		89C997B6224E71D600694BD9 /* BookmarksViewController.swift in Sources */ = {isa = PBXBuildFile; fileRef = 89C997B5224E71D600694BD9 /* BookmarksViewController.swift */; };
		89C997B8224E733B00694BD9 /* BookmarksDataSource.swift in Sources */ = {isa = PBXBuildFile; fileRef = 89C997B7224E733B00694BD9 /* BookmarksDataSource.swift */; };
		89C997BA224E73FB00694BD9 /* BookmarkCell.swift in Sources */ = {isa = PBXBuildFile; fileRef = 89C997B9224E73FB00694BD9 /* BookmarkCell.swift */; };
		89D001652228F8CD003EBD5F /* StoriesDataSource.swift in Sources */ = {isa = PBXBuildFile; fileRef = 89D001642228F8CD003EBD5F /* StoriesDataSource.swift */; };
		89D001682228F8F5003EBD5F /* CommentsDataSource.swift in Sources */ = {isa = PBXBuildFile; fileRef = 89D001672228F8F5003EBD5F /* CommentsDataSource.swift */; };
		89D0016A2229852A003EBD5F /* BreakpointManager.swift in Sources */ = {isa = PBXBuildFile; fileRef = 89D001692229852A003EBD5F /* BreakpointManager.swift */; };
		89D26093222E8D6D00FB0087 /* DebugLog.swift in Sources */ = {isa = PBXBuildFile; fileRef = 89D26092222E8D6D00FB0087 /* DebugLog.swift */; };
		89DAB65A21FF4CF9004390D9 /* DTCoreTextStub.m in Sources */ = {isa = PBXBuildFile; fileRef = 89DAB65921FF4CF9004390D9 /* DTCoreTextStub.m */; };
		BB51F4A25D03D00A13F46680 /* Pods_Timely2.framework in Frameworks */ = {isa = PBXBuildFile; fileRef = 4B620E4A07EE49F5FACD881E /* Pods_Timely2.framework */; };
/* End PBXBuildFile section */

/* Begin PBXFileReference section */
		4B620E4A07EE49F5FACD881E /* Pods_Timely2.framework */ = {isa = PBXFileReference; explicitFileType = wrapper.framework; includeInIndex = 0; path = Pods_Timely2.framework; sourceTree = BUILT_PRODUCTS_DIR; };
		8907AE692225A03B00A1B6EC /* UITableView.swift */ = {isa = PBXFileReference; lastKnownFileType = sourcecode.swift; path = UITableView.swift; sourceTree = "<group>"; };
		89089F5821C7FA43005E42B3 /* Comment.swift */ = {isa = PBXFileReference; lastKnownFileType = sourcecode.swift; path = Comment.swift; sourceTree = "<group>"; };
		89089F5A21CD2C20005E42B3 /* Feed.swift */ = {isa = PBXFileReference; lastKnownFileType = sourcecode.swift; path = Feed.swift; sourceTree = "<group>"; };
		89089F5C21CD49B7005E42B3 /* FeedDataSource.swift */ = {isa = PBXFileReference; lastKnownFileType = sourcecode.swift; path = FeedDataSource.swift; sourceTree = "<group>"; };
		89089F5E21CD4DC2005E42B3 /* FeedCell.swift */ = {isa = PBXFileReference; lastKnownFileType = sourcecode.swift; path = FeedCell.swift; sourceTree = "<group>"; };
		89095A2321DFB05A00FAEDF2 /* Timestamps.playground */ = {isa = PBXFileReference; lastKnownFileType = file.playground; path = Timestamps.playground; sourceTree = "<group>"; xcLanguageSpecificationIdentifier = xcode.lang.swift; };
		89095A2421DFB06E00FAEDF2 /* URLComponents.playground */ = {isa = PBXFileReference; lastKnownFileType = file.playground; path = URLComponents.playground; sourceTree = "<group>"; xcLanguageSpecificationIdentifier = xcode.lang.swift; };
		89095A2621E08F0700FAEDF2 /* URLComponents+addOrModifyQueryItem.swift */ = {isa = PBXFileReference; lastKnownFileType = sourcecode.swift; path = "URLComponents+addOrModifyQueryItem.swift"; sourceTree = "<group>"; };
		89095A2821E321F100FAEDF2 /* AlgoliaItem.swift */ = {isa = PBXFileReference; lastKnownFileType = sourcecode.swift; path = AlgoliaItem.swift; sourceTree = "<group>"; };
		8918A73320BC784E00129A0E /* CommentCell.swift */ = {isa = PBXFileReference; lastKnownFileType = sourcecode.swift; path = CommentCell.swift; sourceTree = "<group>"; };
		891E03A62213E9240001DB63 /* HNError.swift */ = {isa = PBXFileReference; lastKnownFileType = sourcecode.swift; path = HNError.swift; sourceTree = "<group>"; };
		891E03A82215C2DD0001DB63 /* State.swift */ = {isa = PBXFileReference; lastKnownFileType = sourcecode.swift; path = State.swift; sourceTree = "<group>"; };
		891E11992143CD2900871615 /* Item.swift */ = {isa = PBXFileReference; lastKnownFileType = sourcecode.swift; path = Item.swift; sourceTree = "<group>"; };
		892749EC21D50BF100E67546 /* FeedList.plist */ = {isa = PBXFileReference; lastKnownFileType = text.plist.xml; path = FeedList.plist; sourceTree = "<group>"; };
		89336B2421E6237D00822673 /* JSONResponseParser.swift */ = {isa = PBXFileReference; lastKnownFileType = sourcecode.swift; path = JSONResponseParser.swift; sourceTree = "<group>"; };
		89336B2621E7918C00822673 /* HTMLParser.swift */ = {isa = PBXFileReference; lastKnownFileType = sourcecode.swift; path = HTMLParser.swift; sourceTree = "<group>"; };
		893CA75A224BB95A00BDA9FF /* AboutViewController.swift */ = {isa = PBXFileReference; lastKnownFileType = sourcecode.swift; path = AboutViewController.swift; sourceTree = "<group>"; };
		893CA75C224BBBC800BDA9FF /* UIImage.swift */ = {isa = PBXFileReference; lastKnownFileType = sourcecode.swift; path = UIImage.swift; sourceTree = "<group>"; };
		893CA75E224BBC0500BDA9FF /* NSMutableAttributedString.swift */ = {isa = PBXFileReference; lastKnownFileType = sourcecode.swift; path = NSMutableAttributedString.swift; sourceTree = "<group>"; };
		893FB66420B8494A007771A3 /* Timely2.app */ = {isa = PBXFileReference; explicitFileType = wrapper.application; includeInIndex = 0; path = Timely2.app; sourceTree = BUILT_PRODUCTS_DIR; };
		893FB66720B8494A007771A3 /* AppDelegate.swift */ = {isa = PBXFileReference; lastKnownFileType = sourcecode.swift; path = AppDelegate.swift; sourceTree = "<group>"; };
		893FB66920B8494B007771A3 /* StoriesViewController.swift */ = {isa = PBXFileReference; lastKnownFileType = sourcecode.swift; path = StoriesViewController.swift; sourceTree = "<group>"; };
		893FB66B20B8494B007771A3 /* CommentsViewController.swift */ = {isa = PBXFileReference; lastKnownFileType = sourcecode.swift; path = CommentsViewController.swift; sourceTree = "<group>"; };
		893FB66E20B8494B007771A3 /* Base */ = {isa = PBXFileReference; lastKnownFileType = file.storyboard; name = Base; path = Base.lproj/Main.storyboard; sourceTree = "<group>"; };
		893FB67020B8494D007771A3 /* Assets.xcassets */ = {isa = PBXFileReference; lastKnownFileType = folder.assetcatalog; path = Assets.xcassets; sourceTree = "<group>"; };
		893FB67320B8494D007771A3 /* Base */ = {isa = PBXFileReference; lastKnownFileType = file.storyboard; name = Base; path = Base.lproj/LaunchScreen.storyboard; sourceTree = "<group>"; };
		893FB67520B8494D007771A3 /* Info.plist */ = {isa = PBXFileReference; lastKnownFileType = text.plist.xml; path = Info.plist; sourceTree = "<group>"; };
		894B80BC20B95D7E002C313E /* ItemCell.swift */ = {isa = PBXFileReference; lastKnownFileType = sourcecode.swift; path = ItemCell.swift; sourceTree = "<group>"; };
		895B424B2205A0B6008F5994 /* NSAttributedString_TrimmingCharacters.swift */ = {isa = PBXFileReference; lastKnownFileType = sourcecode.swift; path = NSAttributedString_TrimmingCharacters.swift; sourceTree = "<group>"; };
		8966AD1E224DF5060035A430 /* BookmarkList.plist */ = {isa = PBXFileReference; lastKnownFileType = text.plist.xml; path = BookmarkList.plist; sourceTree = "<group>"; };
		8966AD20224DF51A0035A430 /* Bookmark.swift */ = {isa = PBXFileReference; lastKnownFileType = sourcecode.swift; path = Bookmark.swift; sourceTree = "<group>"; };
		897D066D2230EB57006B831F /* SettingsSplitViewController.swift */ = {isa = PBXFileReference; lastKnownFileType = sourcecode.swift; path = SettingsSplitViewController.swift; sourceTree = "<group>"; };
		89A8A31F20DBA607007A8664 /* StoreKit.framework */ = {isa = PBXFileReference; lastKnownFileType = wrapper.framework; name = StoreKit.framework; path = System/Library/Frameworks/StoreKit.framework; sourceTree = SDKROOT; };
		89BE85AA22316604001D7870 /* SettingsMasterViewController.swift */ = {isa = PBXFileReference; lastKnownFileType = sourcecode.swift; path = SettingsMasterViewController.swift; sourceTree = "<group>"; };
		89BE85B222326E98001D7870 /* DefaultsTableViewController.swift */ = {isa = PBXFileReference; lastKnownFileType = sourcecode.swift; path = DefaultsTableViewController.swift; sourceTree = "<group>"; };
		89BE85B422327762001D7870 /* AppearanceTableViewController.swift */ = {isa = PBXFileReference; lastKnownFileType = sourcecode.swift; path = AppearanceTableViewController.swift; sourceTree = "<group>"; };
		89BE85B82236B5D3001D7870 /* Timely.xcdatamodel */ = {isa = PBXFileReference; lastKnownFileType = wrapper.xcdatamodel; path = Timely.xcdatamodel; sourceTree = "<group>"; };
		89BE85BE223A2748001D7870 /* UISlider.swift */ = {isa = PBXFileReference; lastKnownFileType = sourcecode.swift; path = UISlider.swift; sourceTree = "<group>"; };
		89C435CD221E9E5500288A6D /* FeedSelectView.swift */ = {isa = PBXFileReference; lastKnownFileType = sourcecode.swift; path = FeedSelectView.swift; sourceTree = "<group>"; };
		89C435CF221EA34F00288A6D /* UIView.swift */ = {isa = PBXFileReference; lastKnownFileType = sourcecode.swift; path = UIView.swift; sourceTree = "<group>"; };
		89C97E54224817FA0092C9BA /* LICENSE.md */ = {isa = PBXFileReference; lastKnownFileType = net.daringfireball.markdown; path = LICENSE.md; sourceTree = "<group>"; };
		89C997B5224E71D600694BD9 /* BookmarksViewController.swift */ = {isa = PBXFileReference; lastKnownFileType = sourcecode.swift; path = BookmarksViewController.swift; sourceTree = "<group>"; };
		89C997B7224E733B00694BD9 /* BookmarksDataSource.swift */ = {isa = PBXFileReference; lastKnownFileType = sourcecode.swift; path = BookmarksDataSource.swift; sourceTree = "<group>"; };
		89C997B9224E73FB00694BD9 /* BookmarkCell.swift */ = {isa = PBXFileReference; lastKnownFileType = sourcecode.swift; path = BookmarkCell.swift; sourceTree = "<group>"; };
		89D001642228F8CD003EBD5F /* StoriesDataSource.swift */ = {isa = PBXFileReference; lastKnownFileType = sourcecode.swift; path = StoriesDataSource.swift; sourceTree = "<group>"; };
		89D001672228F8F5003EBD5F /* CommentsDataSource.swift */ = {isa = PBXFileReference; lastKnownFileType = sourcecode.swift; path = CommentsDataSource.swift; sourceTree = "<group>"; };
		89D001692229852A003EBD5F /* BreakpointManager.swift */ = {isa = PBXFileReference; lastKnownFileType = sourcecode.swift; path = BreakpointManager.swift; sourceTree = "<group>"; };
		89D26092222E8D6D00FB0087 /* DebugLog.swift */ = {isa = PBXFileReference; lastKnownFileType = sourcecode.swift; path = DebugLog.swift; sourceTree = "<group>"; };
		89DAB65721FF4CBE004390D9 /* DTCoreTextStub.h */ = {isa = PBXFileReference; lastKnownFileType = sourcecode.c.h; path = DTCoreTextStub.h; sourceTree = "<group>"; };
		89DAB65921FF4CF9004390D9 /* DTCoreTextStub.m */ = {isa = PBXFileReference; lastKnownFileType = sourcecode.c.objc; path = DTCoreTextStub.m; sourceTree = "<group>"; };
		89DAB65B21FF4D8C004390D9 /* Timely2-Bridging-Header.h */ = {isa = PBXFileReference; lastKnownFileType = sourcecode.c.h; path = "Timely2-Bridging-Header.h"; sourceTree = "<group>"; };
		99349D8584915D52F7F05DBB /* Pods-Timely2.debug.xcconfig */ = {isa = PBXFileReference; includeInIndex = 1; lastKnownFileType = text.xcconfig; name = "Pods-Timely2.debug.xcconfig"; path = "Pods/Target Support Files/Pods-Timely2/Pods-Timely2.debug.xcconfig"; sourceTree = "<group>"; };
		CCEC6EF8B0C70B4D3CCFF889 /* Pods-Timely2.release.xcconfig */ = {isa = PBXFileReference; includeInIndex = 1; lastKnownFileType = text.xcconfig; name = "Pods-Timely2.release.xcconfig"; path = "Pods/Target Support Files/Pods-Timely2/Pods-Timely2.release.xcconfig"; sourceTree = "<group>"; };
/* End PBXFileReference section */

/* Begin PBXFrameworksBuildPhase section */
		893FB66120B8494A007771A3 /* Frameworks */ = {
			isa = PBXFrameworksBuildPhase;
			buildActionMask = 2147483647;
			files = (
				89A8A32020DBA607007A8664 /* StoreKit.framework in Frameworks */,
				BB51F4A25D03D00A13F46680 /* Pods_Timely2.framework in Frameworks */,
			);
			runOnlyForDeploymentPostprocessing = 0;
		};
/* End PBXFrameworksBuildPhase section */

/* Begin PBXGroup section */
		39D440D4B7363C3287E3CC2B /* Pods */ = {
			isa = PBXGroup;
			children = (
				99349D8584915D52F7F05DBB /* Pods-Timely2.debug.xcconfig */,
				CCEC6EF8B0C70B4D3CCFF889 /* Pods-Timely2.release.xcconfig */,
			);
			name = Pods;
			sourceTree = "<group>";
		};
		89095A2221DFB03100FAEDF2 /* Playgrounds */ = {
			isa = PBXGroup;
			children = (
				89095A2321DFB05A00FAEDF2 /* Timestamps.playground */,
				89095A2421DFB06E00FAEDF2 /* URLComponents.playground */,
			);
			path = Playgrounds;
			sourceTree = "<group>";
		};
		89095A2521E08ED400FAEDF2 /* Extensions */ = {
			isa = PBXGroup;
			children = (
				89D001692229852A003EBD5F /* BreakpointManager.swift */,
				89095A2621E08F0700FAEDF2 /* URLComponents+addOrModifyQueryItem.swift */,
				89336B2421E6237D00822673 /* JSONResponseParser.swift */,
				89336B2621E7918C00822673 /* HTMLParser.swift */,
				89DAB65721FF4CBE004390D9 /* DTCoreTextStub.h */,
				89DAB65921FF4CF9004390D9 /* DTCoreTextStub.m */,
				89DAB65B21FF4D8C004390D9 /* Timely2-Bridging-Header.h */,
				895B424B2205A0B6008F5994 /* NSAttributedString_TrimmingCharacters.swift */,
				89C435CF221EA34F00288A6D /* UIView.swift */,
				8907AE692225A03B00A1B6EC /* UITableView.swift */,
				89D26092222E8D6D00FB0087 /* DebugLog.swift */,
				89BE85BE223A2748001D7870 /* UISlider.swift */,
				893CA75C224BBBC800BDA9FF /* UIImage.swift */,
				893CA75E224BBC0500BDA9FF /* NSMutableAttributedString.swift */,
			);
			path = Extensions;
			sourceTree = "<group>";
		};
		893FB65B20B8494A007771A3 = {
			isa = PBXGroup;
			children = (
				89C97E53224817D30092C9BA /* COPYRIGHT */,
				893FB66620B8494A007771A3 /* Timely2 */,
				893FB66520B8494A007771A3 /* Products */,
				894B80C220B968DE002C313E /* Frameworks */,
				39D440D4B7363C3287E3CC2B /* Pods */,
			);
			sourceTree = "<group>";
		};
		893FB66520B8494A007771A3 /* Products */ = {
			isa = PBXGroup;
			children = (
				893FB66420B8494A007771A3 /* Timely2.app */,
			);
			name = Products;
			sourceTree = "<group>";
		};
		893FB66620B8494A007771A3 /* Timely2 */ = {
			isa = PBXGroup;
			children = (
				89BE85B62236B588001D7870 /* Resources */,
				89095A2221DFB03100FAEDF2 /* Playgrounds */,
				89095A2521E08ED400FAEDF2 /* Extensions */,
				894B80BB20B95D4B002C313E /* Controllers */,
				89D001662228F8D4003EBD5F /* Datasources */,
				894B80B920B95D38002C313E /* Models */,
				894B80B820B95CC7002C313E /* Views */,
				893FB66720B8494A007771A3 /* AppDelegate.swift */,
				893FB67520B8494D007771A3 /* Info.plist */,
			);
			path = Timely2;
			sourceTree = "<group>";
		};
		894B80B820B95CC7002C313E /* Views */ = {
			isa = PBXGroup;
			children = (
				89C997B4224E71AE00694BD9 /* Bookmarks */,
				8966AD24224E70FC0035A430 /* Stories */,
			);
			path = Views;
			sourceTree = "<group>";
		};
		894B80B920B95D38002C313E /* Models */ = {
			isa = PBXGroup;
			children = (
				891E11992143CD2900871615 /* Item.swift */,
				89095A2821E321F100FAEDF2 /* AlgoliaItem.swift */,
				89089F5821C7FA43005E42B3 /* Comment.swift */,
				89089F5A21CD2C20005E42B3 /* Feed.swift */,
				892749EC21D50BF100E67546 /* FeedList.plist */,
				891E03A62213E9240001DB63 /* HNError.swift */,
				891E03A82215C2DD0001DB63 /* State.swift */,
				8966AD1E224DF5060035A430 /* BookmarkList.plist */,
				8966AD20224DF51A0035A430 /* Bookmark.swift */,
			);
			path = Models;
			sourceTree = "<group>";
		};
		894B80BB20B95D4B002C313E /* Controllers */ = {
			isa = PBXGroup;
			children = (
				8966AD22224E70A00035A430 /* Bookmarks */,
				89BE85AF22326E2F001D7870 /* Stories */,
				89BE85AE22326E1A001D7870 /* Settings */,
			);
			path = Controllers;
			sourceTree = "<group>";
		};
		894B80C220B968DE002C313E /* Frameworks */ = {
			isa = PBXGroup;
			children = (
				89A8A31F20DBA607007A8664 /* StoreKit.framework */,
				4B620E4A07EE49F5FACD881E /* Pods_Timely2.framework */,
			);
			name = Frameworks;
			sourceTree = "<group>";
		};
		8966AD22224E70A00035A430 /* Bookmarks */ = {
			isa = PBXGroup;
			children = (
				89C997B5224E71D600694BD9 /* BookmarksViewController.swift */,
			);
			path = Bookmarks;
			sourceTree = "<group>";
		};
		8966AD23224E70F10035A430 /* Bookmarks */ = {
			isa = PBXGroup;
			children = (
				89C997B7224E733B00694BD9 /* BookmarksDataSource.swift */,
			);
			path = Bookmarks;
			sourceTree = "<group>";
		};
		8966AD24224E70FC0035A430 /* Stories */ = {
			isa = PBXGroup;
			children = (
				89C997B3224E719E00694BD9 /* Feeds */,
				894B80BC20B95D7E002C313E /* ItemCell.swift */,
				8918A73320BC784E00129A0E /* CommentCell.swift */,
			);
			path = Stories;
			sourceTree = "<group>";
		};
		89BE85AE22326E1A001D7870 /* Settings */ = {
			isa = PBXGroup;
			children = (
				897D066D2230EB57006B831F /* SettingsSplitViewController.swift */,
				89BE85AA22316604001D7870 /* SettingsMasterViewController.swift */,
				89BE85B222326E98001D7870 /* DefaultsTableViewController.swift */,
				89BE85B422327762001D7870 /* AppearanceTableViewController.swift */,
				893CA75A224BB95A00BDA9FF /* AboutViewController.swift */,
			);
			path = Settings;
			sourceTree = "<group>";
		};
		89BE85AF22326E2F001D7870 /* Stories */ = {
			isa = PBXGroup;
			children = (
				893FB66920B8494B007771A3 /* StoriesViewController.swift */,
				893FB66B20B8494B007771A3 /* CommentsViewController.swift */,
			);
			path = Stories;
			sourceTree = "<group>";
		};
		89BE85B62236B588001D7870 /* Resources */ = {
			isa = PBXGroup;
			children = (
				893FB66D20B8494B007771A3 /* Main.storyboard */,
				893FB67020B8494D007771A3 /* Assets.xcassets */,
				893FB67220B8494D007771A3 /* LaunchScreen.storyboard */,
				89BE85B72236B5D3001D7870 /* Timely.xcdatamodeld */,
			);
			path = Resources;
			sourceTree = "<group>";
		};
		89BE85BC2237D17B001D7870 /* Stories */ = {
			isa = PBXGroup;
			children = (
				89D001642228F8CD003EBD5F /* StoriesDataSource.swift */,
				89089F5C21CD49B7005E42B3 /* FeedDataSource.swift */,
				89D001672228F8F5003EBD5F /* CommentsDataSource.swift */,
			);
			path = Stories;
			sourceTree = "<group>";
		};
		89C97E53224817D30092C9BA /* COPYRIGHT */ = {
			isa = PBXGroup;
			children = (
				89C97E54224817FA0092C9BA /* LICENSE.md */,
			);
			path = COPYRIGHT;
			sourceTree = "<group>";
		};
		89C997B3224E719E00694BD9 /* Feeds */ = {
			isa = PBXGroup;
			children = (
				89089F5E21CD4DC2005E42B3 /* FeedCell.swift */,
				89C435CD221E9E5500288A6D /* FeedSelectView.swift */,
			);
			path = Feeds;
			sourceTree = "<group>";
		};
		89C997B4224E71AE00694BD9 /* Bookmarks */ = {
			isa = PBXGroup;
			children = (
				89C997B9224E73FB00694BD9 /* BookmarkCell.swift */,
			);
			path = Bookmarks;
			sourceTree = "<group>";
		};
		89D001662228F8D4003EBD5F /* Datasources */ = {
			isa = PBXGroup;
			children = (
				8966AD23224E70F10035A430 /* Bookmarks */,
				89BE85BC2237D17B001D7870 /* Stories */,
			);
			path = Datasources;
			sourceTree = "<group>";
		};
/* End PBXGroup section */

/* Begin PBXNativeTarget section */
		893FB66320B8494A007771A3 /* Timely2 */ = {
			isa = PBXNativeTarget;
			buildConfigurationList = 893FB67820B8494D007771A3 /* Build configuration list for PBXNativeTarget "Timely2" */;
			buildPhases = (
				8E1B1FCFFBDC72925DF86F7F /* [CP] Check Pods Manifest.lock */,
				893FB66020B8494A007771A3 /* Sources */,
				893FB66120B8494A007771A3 /* Frameworks */,
				893FB66220B8494A007771A3 /* Resources */,
				894B80C720B9695D002C313E /* ShellScript */,
				5829065095D51424AE626D2D /* [CP] Embed Pods Frameworks */,
			);
			buildRules = (
			);
			dependencies = (
			);
			name = Timely2;
			productName = Timely2;
			productReference = 893FB66420B8494A007771A3 /* Timely2.app */;
			productType = "com.apple.product-type.application";
		};
/* End PBXNativeTarget section */

/* Begin PBXProject section */
		893FB65C20B8494A007771A3 /* Project object */ = {
			isa = PBXProject;
			attributes = {
				LastSwiftUpdateCheck = 0930;
				LastUpgradeCheck = 0930;
				ORGANIZATIONNAME = "Mihai Leonte";
				TargetAttributes = {
					893FB66320B8494A007771A3 = {
						CreatedOnToolsVersion = 9.3;
						LastSwiftMigration = 1020;
						SystemCapabilities = {
							com.apple.InAppPurchase = {
								enabled = 1;
							};
						};
					};
				};
			};
			buildConfigurationList = 893FB65F20B8494A007771A3 /* Build configuration list for PBXProject "Timely2" */;
			compatibilityVersion = "Xcode 9.3";
			developmentRegion = en;
			hasScannedForEncodings = 0;
			knownRegions = (
				en,
				Base,
			);
			mainGroup = 893FB65B20B8494A007771A3;
			productRefGroup = 893FB66520B8494A007771A3 /* Products */;
			projectDirPath = "";
			projectRoot = "";
			targets = (
				893FB66320B8494A007771A3 /* Timely2 */,
			);
		};
/* End PBXProject section */

/* Begin PBXResourcesBuildPhase section */
		893FB66220B8494A007771A3 /* Resources */ = {
			isa = PBXResourcesBuildPhase;
			buildActionMask = 2147483647;
			files = (
				892749ED21D50BF100E67546 /* FeedList.plist in Resources */,
				893FB67420B8494D007771A3 /* LaunchScreen.storyboard in Resources */,
				893FB67120B8494D007771A3 /* Assets.xcassets in Resources */,
				893FB66F20B8494B007771A3 /* Main.storyboard in Resources */,
				8966AD1F224DF5060035A430 /* BookmarkList.plist in Resources */,
			);
			runOnlyForDeploymentPostprocessing = 0;
		};
/* End PBXResourcesBuildPhase section */

/* Begin PBXShellScriptBuildPhase section */
		5829065095D51424AE626D2D /* [CP] Embed Pods Frameworks */ = {
			isa = PBXShellScriptBuildPhase;
			buildActionMask = 2147483647;
			files = (
			);
			inputPaths = (
				"${SRCROOT}/Pods/Target Support Files/Pods-Timely2/Pods-Timely2-frameworks.sh",
				"${BUILT_PRODUCTS_DIR}/DTCoreText/DTCoreText.framework",
				"${BUILT_PRODUCTS_DIR}/DTFoundation/DTFoundation.framework",
			);
			name = "[CP] Embed Pods Frameworks";
			outputPaths = (
				"${TARGET_BUILD_DIR}/${FRAMEWORKS_FOLDER_PATH}/DTCoreText.framework",
				"${TARGET_BUILD_DIR}/${FRAMEWORKS_FOLDER_PATH}/DTFoundation.framework",
			);
			runOnlyForDeploymentPostprocessing = 0;
			shellPath = /bin/sh;
			shellScript = "\"${SRCROOT}/Pods/Target Support Files/Pods-Timely2/Pods-Timely2-frameworks.sh\"\n";
			showEnvVarsInLog = 0;
		};
		894B80C720B9695D002C313E /* ShellScript */ = {
			isa = PBXShellScriptBuildPhase;
			buildActionMask = 12;
			files = (
			);
			inputPaths = (
			);
			outputPaths = (
			);
			runOnlyForDeploymentPostprocessing = 0;
			shellPath = /bin/sh;
			shellScript = "/usr/local/bin/carthage copy-frameworks\n";
		};
		8E1B1FCFFBDC72925DF86F7F /* [CP] Check Pods Manifest.lock */ = {
			isa = PBXShellScriptBuildPhase;
			buildActionMask = 2147483647;
			files = (
			);
			inputPaths = (
				"${PODS_PODFILE_DIR_PATH}/Podfile.lock",
				"${PODS_ROOT}/Manifest.lock",
			);
			name = "[CP] Check Pods Manifest.lock";
			outputPaths = (
				"$(DERIVED_FILE_DIR)/Pods-Timely2-checkManifestLockResult.txt",
			);
			runOnlyForDeploymentPostprocessing = 0;
			shellPath = /bin/sh;
			shellScript = "diff \"${PODS_PODFILE_DIR_PATH}/Podfile.lock\" \"${PODS_ROOT}/Manifest.lock\" > /dev/null\nif [ $? != 0 ] ; then\n    # print error to STDERR\n    echo \"error: The sandbox is not in sync with the Podfile.lock. Run 'pod install' or update your CocoaPods installation.\" >&2\n    exit 1\nfi\n# This output is used by Xcode 'outputs' to avoid re-running this script phase.\necho \"SUCCESS\" > \"${SCRIPT_OUTPUT_FILE_0}\"\n";
			showEnvVarsInLog = 0;
		};
/* End PBXShellScriptBuildPhase section */

/* Begin PBXSourcesBuildPhase section */
		893FB66020B8494A007771A3 /* Sources */ = {
			isa = PBXSourcesBuildPhase;
			buildActionMask = 2147483647;
			files = (
				89C997B6224E71D600694BD9 /* BookmarksViewController.swift in Sources */,
				89C435D0221EA34F00288A6D /* UIView.swift in Sources */,
				89D001682228F8F5003EBD5F /* CommentsDataSource.swift in Sources */,
				89095A2921E321F100FAEDF2 /* AlgoliaItem.swift in Sources */,
				89D001652228F8CD003EBD5F /* StoriesDataSource.swift in Sources */,
				89BE85AB22316604001D7870 /* SettingsMasterViewController.swift in Sources */,
				8966AD21224DF51A0035A430 /* Bookmark.swift in Sources */,
				89D0016A2229852A003EBD5F /* BreakpointManager.swift in Sources */,
				89D26093222E8D6D00FB0087 /* DebugLog.swift in Sources */,
				894B80BD20B95D7E002C313E /* ItemCell.swift in Sources */,
				89089F5F21CD4DC2005E42B3 /* FeedCell.swift in Sources */,
				89BE85B92236B5D3001D7870 /* Timely.xcdatamodeld in Sources */,
				891E03A72213E9240001DB63 /* HNError.swift in Sources */,
				89089F5D21CD49B7005E42B3 /* FeedDataSource.swift in Sources */,
				893CA75D224BBBC800BDA9FF /* UIImage.swift in Sources */,
				891E03A92215C2DD0001DB63 /* State.swift in Sources */,
				89089F5B21CD2C20005E42B3 /* Feed.swift in Sources */,
				893CA75B224BB95A00BDA9FF /* AboutViewController.swift in Sources */,
				89C435CE221E9E5500288A6D /* FeedSelectView.swift in Sources */,
				89C997B8224E733B00694BD9 /* BookmarksDataSource.swift in Sources */,
				89DAB65A21FF4CF9004390D9 /* DTCoreTextStub.m in Sources */,
				893FB66C20B8494B007771A3 /* CommentsViewController.swift in Sources */,
				891E119A2143CD2900871615 /* Item.swift in Sources */,
				893CA75F224BBC0500BDA9FF /* NSMutableAttributedString.swift in Sources */,
				89336B2521E6237D00822673 /* JSONResponseParser.swift in Sources */,
				89BE85B322326E98001D7870 /* DefaultsTableViewController.swift in Sources */,
				89089F5921C7FA43005E42B3 /* Comment.swift in Sources */,
				893FB66A20B8494B007771A3 /* StoriesViewController.swift in Sources */,
				893FB66820B8494A007771A3 /* AppDelegate.swift in Sources */,
				897D066E2230EB57006B831F /* SettingsSplitViewController.swift in Sources */,
				895B424C2205A0B6008F5994 /* NSAttributedString_TrimmingCharacters.swift in Sources */,
				89336B2721E7918C00822673 /* HTMLParser.swift in Sources */,
				89095A2721E08F0700FAEDF2 /* URLComponents+addOrModifyQueryItem.swift in Sources */,
				89C997BA224E73FB00694BD9 /* BookmarkCell.swift in Sources */,
				89BE85B522327762001D7870 /* AppearanceTableViewController.swift in Sources */,
				8918A73420BC784E00129A0E /* CommentCell.swift in Sources */,
				89BE85BF223A2748001D7870 /* UISlider.swift in Sources */,
				8907AE6A2225A03B00A1B6EC /* UITableView.swift in Sources */,
			);
			runOnlyForDeploymentPostprocessing = 0;
		};
/* End PBXSourcesBuildPhase section */

/* Begin PBXVariantGroup section */
		893FB66D20B8494B007771A3 /* Main.storyboard */ = {
			isa = PBXVariantGroup;
			children = (
				893FB66E20B8494B007771A3 /* Base */,
			);
			name = Main.storyboard;
			sourceTree = "<group>";
		};
		893FB67220B8494D007771A3 /* LaunchScreen.storyboard */ = {
			isa = PBXVariantGroup;
			children = (
				893FB67320B8494D007771A3 /* Base */,
			);
			name = LaunchScreen.storyboard;
			sourceTree = "<group>";
		};
/* End PBXVariantGroup section */

/* Begin XCBuildConfiguration section */
		893FB67620B8494D007771A3 /* Debug */ = {
			isa = XCBuildConfiguration;
			buildSettings = {
				ALWAYS_SEARCH_USER_PATHS = NO;
				CLANG_ANALYZER_NONNULL = YES;
				CLANG_ANALYZER_NUMBER_OBJECT_CONVERSION = YES_AGGRESSIVE;
				CLANG_CXX_LANGUAGE_STANDARD = "gnu++14";
				CLANG_CXX_LIBRARY = "libc++";
				CLANG_ENABLE_MODULES = YES;
				CLANG_ENABLE_OBJC_ARC = YES;
				CLANG_ENABLE_OBJC_WEAK = YES;
				CLANG_WARN_BLOCK_CAPTURE_AUTORELEASING = YES;
				CLANG_WARN_BOOL_CONVERSION = YES;
				CLANG_WARN_COMMA = YES;
				CLANG_WARN_CONSTANT_CONVERSION = YES;
				CLANG_WARN_DEPRECATED_OBJC_IMPLEMENTATIONS = YES;
				CLANG_WARN_DIRECT_OBJC_ISA_USAGE = YES_ERROR;
				CLANG_WARN_DOCUMENTATION_COMMENTS = YES;
				CLANG_WARN_EMPTY_BODY = YES;
				CLANG_WARN_ENUM_CONVERSION = YES;
				CLANG_WARN_INFINITE_RECURSION = YES;
				CLANG_WARN_INT_CONVERSION = YES;
				CLANG_WARN_NON_LITERAL_NULL_CONVERSION = YES;
				CLANG_WARN_OBJC_IMPLICIT_RETAIN_SELF = YES;
				CLANG_WARN_OBJC_LITERAL_CONVERSION = YES;
				CLANG_WARN_OBJC_ROOT_CLASS = YES_ERROR;
				CLANG_WARN_RANGE_LOOP_ANALYSIS = YES;
				CLANG_WARN_STRICT_PROTOTYPES = YES;
				CLANG_WARN_SUSPICIOUS_MOVE = YES;
				CLANG_WARN_UNGUARDED_AVAILABILITY = YES_AGGRESSIVE;
				CLANG_WARN_UNREACHABLE_CODE = YES;
				CLANG_WARN__DUPLICATE_METHOD_MATCH = YES;
				CODE_SIGN_IDENTITY = "iPhone Developer";
				COPY_PHASE_STRIP = NO;
				DEBUG_INFORMATION_FORMAT = dwarf;
				ENABLE_STRICT_OBJC_MSGSEND = YES;
				ENABLE_TESTABILITY = YES;
				GCC_C_LANGUAGE_STANDARD = gnu11;
				GCC_DYNAMIC_NO_PIC = NO;
				GCC_NO_COMMON_BLOCKS = YES;
				GCC_OPTIMIZATION_LEVEL = 0;
				GCC_PREPROCESSOR_DEFINITIONS = (
					"DEBUG=1",
					"$(inherited)",
				);
				GCC_WARN_64_TO_32_BIT_CONVERSION = YES;
				GCC_WARN_ABOUT_RETURN_TYPE = YES_ERROR;
				GCC_WARN_UNDECLARED_SELECTOR = YES;
				GCC_WARN_UNINITIALIZED_AUTOS = YES_AGGRESSIVE;
				GCC_WARN_UNUSED_FUNCTION = YES;
				GCC_WARN_UNUSED_VARIABLE = YES;
				IPHONEOS_DEPLOYMENT_TARGET = 11.3;
				MTL_ENABLE_DEBUG_INFO = YES;
				ONLY_ACTIVE_ARCH = YES;
				SDKROOT = iphoneos;
				SWIFT_ACTIVE_COMPILATION_CONDITIONS = DEBUG;
				SWIFT_OPTIMIZATION_LEVEL = "-Onone";
			};
			name = Debug;
		};
		893FB67720B8494D007771A3 /* Release */ = {
			isa = XCBuildConfiguration;
			buildSettings = {
				ALWAYS_SEARCH_USER_PATHS = NO;
				CLANG_ANALYZER_NONNULL = YES;
				CLANG_ANALYZER_NUMBER_OBJECT_CONVERSION = YES_AGGRESSIVE;
				CLANG_CXX_LANGUAGE_STANDARD = "gnu++14";
				CLANG_CXX_LIBRARY = "libc++";
				CLANG_ENABLE_MODULES = YES;
				CLANG_ENABLE_OBJC_ARC = YES;
				CLANG_ENABLE_OBJC_WEAK = YES;
				CLANG_WARN_BLOCK_CAPTURE_AUTORELEASING = YES;
				CLANG_WARN_BOOL_CONVERSION = YES;
				CLANG_WARN_COMMA = YES;
				CLANG_WARN_CONSTANT_CONVERSION = YES;
				CLANG_WARN_DEPRECATED_OBJC_IMPLEMENTATIONS = YES;
				CLANG_WARN_DIRECT_OBJC_ISA_USAGE = YES_ERROR;
				CLANG_WARN_DOCUMENTATION_COMMENTS = YES;
				CLANG_WARN_EMPTY_BODY = YES;
				CLANG_WARN_ENUM_CONVERSION = YES;
				CLANG_WARN_INFINITE_RECURSION = YES;
				CLANG_WARN_INT_CONVERSION = YES;
				CLANG_WARN_NON_LITERAL_NULL_CONVERSION = YES;
				CLANG_WARN_OBJC_IMPLICIT_RETAIN_SELF = YES;
				CLANG_WARN_OBJC_LITERAL_CONVERSION = YES;
				CLANG_WARN_OBJC_ROOT_CLASS = YES_ERROR;
				CLANG_WARN_RANGE_LOOP_ANALYSIS = YES;
				CLANG_WARN_STRICT_PROTOTYPES = YES;
				CLANG_WARN_SUSPICIOUS_MOVE = YES;
				CLANG_WARN_UNGUARDED_AVAILABILITY = YES_AGGRESSIVE;
				CLANG_WARN_UNREACHABLE_CODE = YES;
				CLANG_WARN__DUPLICATE_METHOD_MATCH = YES;
				CODE_SIGN_IDENTITY = "iPhone Developer";
				COPY_PHASE_STRIP = NO;
				DEBUG_INFORMATION_FORMAT = "dwarf-with-dsym";
				ENABLE_NS_ASSERTIONS = NO;
				ENABLE_STRICT_OBJC_MSGSEND = YES;
				GCC_C_LANGUAGE_STANDARD = gnu11;
				GCC_NO_COMMON_BLOCKS = YES;
				GCC_WARN_64_TO_32_BIT_CONVERSION = YES;
				GCC_WARN_ABOUT_RETURN_TYPE = YES_ERROR;
				GCC_WARN_UNDECLARED_SELECTOR = YES;
				GCC_WARN_UNINITIALIZED_AUTOS = YES_AGGRESSIVE;
				GCC_WARN_UNUSED_FUNCTION = YES;
				GCC_WARN_UNUSED_VARIABLE = YES;
				IPHONEOS_DEPLOYMENT_TARGET = 11.3;
				MTL_ENABLE_DEBUG_INFO = NO;
				SDKROOT = iphoneos;
				SWIFT_COMPILATION_MODE = wholemodule;
				SWIFT_OPTIMIZATION_LEVEL = "-O";
				VALIDATE_PRODUCT = YES;
			};
			name = Release;
		};
		893FB67920B8494D007771A3 /* Debug */ = {
			isa = XCBuildConfiguration;
			baseConfigurationReference = 99349D8584915D52F7F05DBB /* Pods-Timely2.debug.xcconfig */;
			buildSettings = {
				ASSETCATALOG_COMPILER_APPICON_NAME = AppIcon;
				CLANG_ENABLE_MODULES = YES;
				CODE_SIGN_STYLE = Automatic;
				DEVELOPMENT_TEAM = V7S7GB28P7;
				FRAMEWORK_SEARCH_PATHS = (
					"$(inherited)",
					"$(PROJECT_DIR)/Carthage/Build/iOS",
				);
				INFOPLIST_FILE = Timely2/Info.plist;
				LD_RUNPATH_SEARCH_PATHS = (
					"$(inherited)",
					"@executable_path/Frameworks",
				);
				PRODUCT_BUNDLE_IDENTIFIER = mihaileonte.Timely2;
				PRODUCT_NAME = "$(TARGET_NAME)";
				SWIFT_OBJC_BRIDGING_HEADER = "Timely2/Extensions/Timely2-Bridging-Header.h";
				SWIFT_OPTIMIZATION_LEVEL = "-Onone";
				SWIFT_VERSION = 5.0;
				TARGETED_DEVICE_FAMILY = "1,2";
			};
			name = Debug;
		};
		893FB67A20B8494D007771A3 /* Release */ = {
			isa = XCBuildConfiguration;
			baseConfigurationReference = CCEC6EF8B0C70B4D3CCFF889 /* Pods-Timely2.release.xcconfig */;
			buildSettings = {
				ASSETCATALOG_COMPILER_APPICON_NAME = AppIcon;
				CLANG_ENABLE_MODULES = YES;
				CODE_SIGN_STYLE = Automatic;
				DEVELOPMENT_TEAM = V7S7GB28P7;
				FRAMEWORK_SEARCH_PATHS = (
					"$(inherited)",
					"$(PROJECT_DIR)/Carthage/Build/iOS",
				);
				INFOPLIST_FILE = Timely2/Info.plist;
				LD_RUNPATH_SEARCH_PATHS = (
					"$(inherited)",
					"@executable_path/Frameworks",
				);
				PRODUCT_BUNDLE_IDENTIFIER = mihaileonte.Timely2;
				PRODUCT_NAME = "$(TARGET_NAME)";
				SWIFT_OBJC_BRIDGING_HEADER = "Timely2/Extensions/Timely2-Bridging-Header.h";
				SWIFT_VERSION = 5.0;
				TARGETED_DEVICE_FAMILY = "1,2";
			};
			name = Release;
		};
/* End XCBuildConfiguration section */

/* Begin XCConfigurationList section */
		893FB65F20B8494A007771A3 /* Build configuration list for PBXProject "Timely2" */ = {
			isa = XCConfigurationList;
			buildConfigurations = (
				893FB67620B8494D007771A3 /* Debug */,
				893FB67720B8494D007771A3 /* Release */,
			);
			defaultConfigurationIsVisible = 0;
			defaultConfigurationName = Release;
		};
		893FB67820B8494D007771A3 /* Build configuration list for PBXNativeTarget "Timely2" */ = {
			isa = XCConfigurationList;
			buildConfigurations = (
				893FB67920B8494D007771A3 /* Debug */,
				893FB67A20B8494D007771A3 /* Release */,
			);
			defaultConfigurationIsVisible = 0;
			defaultConfigurationName = Release;
		};
/* End XCConfigurationList section */

/* Begin XCVersionGroup section */
		89BE85B72236B5D3001D7870 /* Timely.xcdatamodeld */ = {
			isa = XCVersionGroup;
			children = (
				89BE85B82236B5D3001D7870 /* Timely.xcdatamodel */,
			);
			currentVersion = 89BE85B82236B5D3001D7870 /* Timely.xcdatamodel */;
			path = Timely.xcdatamodeld;
			sourceTree = "<group>";
			versionGroupType = wrapper.xcdatamodel;
		};
/* End XCVersionGroup section */
	};
	rootObject = 893FB65C20B8494A007771A3 /* Project object */;
}
