// !$*UTF8*$!
{
	archiveVersion = 1;
	classes = {
	};
	objectVersion = 50;
	objects = {

/* Begin PBXBuildFile section */
		8918A73420BC784E00129A0E /* CommentCell.swift in Sources */ = {isa = PBXBuildFile; fileRef = 8918A73320BC784E00129A0E /* CommentCell.swift */; };
		8918A73620BC7EEC00129A0E /* CommentsDataSource.swift in Sources */ = {isa = PBXBuildFile; fileRef = 8918A73520BC7EEC00129A0E /* CommentsDataSource.swift */; };
		891E119A2143CD2900871615 /* Item.swift in Sources */ = {isa = PBXBuildFile; fileRef = 891E11992143CD2900871615 /* Item.swift */; };
		892E2FED215370D3001E05BF /* AsyncOperation.swift in Sources */ = {isa = PBXBuildFile; fileRef = 892E2FEC215370D3001E05BF /* AsyncOperation.swift */; };
		893FB66820B8494A007771A3 /* AppDelegate.swift in Sources */ = {isa = PBXBuildFile; fileRef = 893FB66720B8494A007771A3 /* AppDelegate.swift */; };
		893FB66A20B8494B007771A3 /* MasterViewController.swift in Sources */ = {isa = PBXBuildFile; fileRef = 893FB66920B8494B007771A3 /* MasterViewController.swift */; };
		893FB66C20B8494B007771A3 /* DetailViewController.swift in Sources */ = {isa = PBXBuildFile; fileRef = 893FB66B20B8494B007771A3 /* DetailViewController.swift */; };
		893FB66F20B8494B007771A3 /* Main.storyboard in Resources */ = {isa = PBXBuildFile; fileRef = 893FB66D20B8494B007771A3 /* Main.storyboard */; };
		893FB67120B8494D007771A3 /* Assets.xcassets in Resources */ = {isa = PBXBuildFile; fileRef = 893FB67020B8494D007771A3 /* Assets.xcassets */; };
		893FB67420B8494D007771A3 /* LaunchScreen.storyboard in Resources */ = {isa = PBXBuildFile; fileRef = 893FB67220B8494D007771A3 /* LaunchScreen.storyboard */; };
		894B80BD20B95D7E002C313E /* ItemCell.swift in Sources */ = {isa = PBXBuildFile; fileRef = 894B80BC20B95D7E002C313E /* ItemCell.swift */; };
		894B80C520B968DE002C313E /* Alamofire.framework in Frameworks */ = {isa = PBXBuildFile; fileRef = 894B80C320B968DE002C313E /* Alamofire.framework */; };
		894B80C620B968DE002C313E /* SwiftyJSON.framework in Frameworks */ = {isa = PBXBuildFile; fileRef = 894B80C420B968DE002C313E /* SwiftyJSON.framework */; };
		8984E5BD212BD4890031C0F3 /* PromiseKit.framework in Frameworks */ = {isa = PBXBuildFile; fileRef = 8984E5BC212BD4890031C0F3 /* PromiseKit.framework */; };
		89A8A32020DBA607007A8664 /* StoreKit.framework in Frameworks */ = {isa = PBXBuildFile; fileRef = 89A8A31F20DBA607007A8664 /* StoreKit.framework */; };
/* End PBXBuildFile section */

/* Begin PBXFileReference section */
		8918A73320BC784E00129A0E /* CommentCell.swift */ = {isa = PBXFileReference; lastKnownFileType = sourcecode.swift; path = CommentCell.swift; sourceTree = "<group>"; };
		8918A73520BC7EEC00129A0E /* CommentsDataSource.swift */ = {isa = PBXFileReference; lastKnownFileType = sourcecode.swift; path = CommentsDataSource.swift; sourceTree = "<group>"; };
		891E11992143CD2900871615 /* Item.swift */ = {isa = PBXFileReference; lastKnownFileType = sourcecode.swift; path = Item.swift; sourceTree = "<group>"; };
		892E2FEC215370D3001E05BF /* AsyncOperation.swift */ = {isa = PBXFileReference; lastKnownFileType = sourcecode.swift; path = AsyncOperation.swift; sourceTree = "<group>"; };
		893FB66420B8494A007771A3 /* Timely2.app */ = {isa = PBXFileReference; explicitFileType = wrapper.application; includeInIndex = 0; path = Timely2.app; sourceTree = BUILT_PRODUCTS_DIR; };
		893FB66720B8494A007771A3 /* AppDelegate.swift */ = {isa = PBXFileReference; lastKnownFileType = sourcecode.swift; path = AppDelegate.swift; sourceTree = "<group>"; };
		893FB66920B8494B007771A3 /* MasterViewController.swift */ = {isa = PBXFileReference; lastKnownFileType = sourcecode.swift; path = MasterViewController.swift; sourceTree = "<group>"; };
		893FB66B20B8494B007771A3 /* DetailViewController.swift */ = {isa = PBXFileReference; lastKnownFileType = sourcecode.swift; path = DetailViewController.swift; sourceTree = "<group>"; };
		893FB66E20B8494B007771A3 /* Base */ = {isa = PBXFileReference; lastKnownFileType = file.storyboard; name = Base; path = Base.lproj/Main.storyboard; sourceTree = "<group>"; };
		893FB67020B8494D007771A3 /* Assets.xcassets */ = {isa = PBXFileReference; lastKnownFileType = folder.assetcatalog; path = Assets.xcassets; sourceTree = "<group>"; };
		893FB67320B8494D007771A3 /* Base */ = {isa = PBXFileReference; lastKnownFileType = file.storyboard; name = Base; path = Base.lproj/LaunchScreen.storyboard; sourceTree = "<group>"; };
		893FB67520B8494D007771A3 /* Info.plist */ = {isa = PBXFileReference; lastKnownFileType = text.plist.xml; path = Info.plist; sourceTree = "<group>"; };
		894B80BC20B95D7E002C313E /* ItemCell.swift */ = {isa = PBXFileReference; lastKnownFileType = sourcecode.swift; path = ItemCell.swift; sourceTree = "<group>"; };
		894B80C320B968DE002C313E /* Alamofire.framework */ = {isa = PBXFileReference; lastKnownFileType = wrapper.framework; name = Alamofire.framework; path = Carthage/Build/iOS/Alamofire.framework; sourceTree = "<group>"; };
		894B80C420B968DE002C313E /* SwiftyJSON.framework */ = {isa = PBXFileReference; lastKnownFileType = wrapper.framework; name = SwiftyJSON.framework; path = Carthage/Build/iOS/SwiftyJSON.framework; sourceTree = "<group>"; };
		8984E5BC212BD4890031C0F3 /* PromiseKit.framework */ = {isa = PBXFileReference; lastKnownFileType = wrapper.framework; name = PromiseKit.framework; path = Carthage/Build/iOS/PromiseKit.framework; sourceTree = "<group>"; };
		89A8A31F20DBA607007A8664 /* StoreKit.framework */ = {isa = PBXFileReference; lastKnownFileType = wrapper.framework; name = StoreKit.framework; path = System/Library/Frameworks/StoreKit.framework; sourceTree = SDKROOT; };
/* End PBXFileReference section */

/* Begin PBXFrameworksBuildPhase section */
		893FB66120B8494A007771A3 /* Frameworks */ = {
			isa = PBXFrameworksBuildPhase;
			buildActionMask = 2147483647;
			files = (
				89A8A32020DBA607007A8664 /* StoreKit.framework in Frameworks */,
				894B80C520B968DE002C313E /* Alamofire.framework in Frameworks */,
				8984E5BD212BD4890031C0F3 /* PromiseKit.framework in Frameworks */,
				894B80C620B968DE002C313E /* SwiftyJSON.framework in Frameworks */,
			);
			runOnlyForDeploymentPostprocessing = 0;
		};
/* End PBXFrameworksBuildPhase section */

/* Begin PBXGroup section */
		893FB65B20B8494A007771A3 = {
			isa = PBXGroup;
			children = (
				893FB66620B8494A007771A3 /* Timely2 */,
				893FB66520B8494A007771A3 /* Products */,
				894B80C220B968DE002C313E /* Frameworks */,
			);
			sourceTree = "<group>";
		};
		893FB66520B8494A007771A3 /* Products */ = {
			isa = PBXGroup;
			children = (
				893FB66420B8494A007771A3 /* Timely2.app */,
			);
			name = Products;
			sourceTree = "<group>";
		};
		893FB66620B8494A007771A3 /* Timely2 */ = {
			isa = PBXGroup;
			children = (
				894B80BB20B95D4B002C313E /* Controllers */,
				894B80BA20B95D43002C313E /* Data Sources */,
				894B80B920B95D38002C313E /* Models */,
				894B80B820B95CC7002C313E /* Views */,
				893FB66720B8494A007771A3 /* AppDelegate.swift */,
				893FB66D20B8494B007771A3 /* Main.storyboard */,
				893FB67020B8494D007771A3 /* Assets.xcassets */,
				893FB67220B8494D007771A3 /* LaunchScreen.storyboard */,
				893FB67520B8494D007771A3 /* Info.plist */,
			);
			path = Timely2;
			sourceTree = "<group>";
		};
		894B80B820B95CC7002C313E /* Views */ = {
			isa = PBXGroup;
			children = (
				894B80BC20B95D7E002C313E /* ItemCell.swift */,
				8918A73320BC784E00129A0E /* CommentCell.swift */,
			);
			path = Views;
			sourceTree = "<group>";
		};
		894B80B920B95D38002C313E /* Models */ = {
			isa = PBXGroup;
			children = (
				891E11992143CD2900871615 /* Item.swift */,
				892E2FEC215370D3001E05BF /* AsyncOperation.swift */,
			);
			path = Models;
			sourceTree = "<group>";
		};
		894B80BA20B95D43002C313E /* Data Sources */ = {
			isa = PBXGroup;
			children = (
				8918A73520BC7EEC00129A0E /* CommentsDataSource.swift */,
			);
			path = "Data Sources";
			sourceTree = "<group>";
		};
		894B80BB20B95D4B002C313E /* Controllers */ = {
			isa = PBXGroup;
			children = (
				893FB66920B8494B007771A3 /* MasterViewController.swift */,
				893FB66B20B8494B007771A3 /* DetailViewController.swift */,
			);
			path = Controllers;
			sourceTree = "<group>";
		};
		894B80C220B968DE002C313E /* Frameworks */ = {
			isa = PBXGroup;
			children = (
				8984E5BC212BD4890031C0F3 /* PromiseKit.framework */,
				89A8A31F20DBA607007A8664 /* StoreKit.framework */,
				894B80C320B968DE002C313E /* Alamofire.framework */,
				894B80C420B968DE002C313E /* SwiftyJSON.framework */,
			);
			name = Frameworks;
			sourceTree = "<group>";
		};
/* End PBXGroup section */

/* Begin PBXNativeTarget section */
		893FB66320B8494A007771A3 /* Timely2 */ = {
			isa = PBXNativeTarget;
			buildConfigurationList = 893FB67820B8494D007771A3 /* Build configuration list for PBXNativeTarget "Timely2" */;
			buildPhases = (
				893FB66020B8494A007771A3 /* Sources */,
				893FB66120B8494A007771A3 /* Frameworks */,
				893FB66220B8494A007771A3 /* Resources */,
				894B80C720B9695D002C313E /* ShellScript */,
			);
			buildRules = (
			);
			dependencies = (
			);
			name = Timely2;
			productName = Timely2;
			productReference = 893FB66420B8494A007771A3 /* Timely2.app */;
			productType = "com.apple.product-type.application";
		};
/* End PBXNativeTarget section */

/* Begin PBXProject section */
		893FB65C20B8494A007771A3 /* Project object */ = {
			isa = PBXProject;
			attributes = {
				LastSwiftUpdateCheck = 0930;
				LastUpgradeCheck = 0930;
				ORGANIZATIONNAME = "Mihai Leonte";
				TargetAttributes = {
					893FB66320B8494A007771A3 = {
						CreatedOnToolsVersion = 9.3;
						SystemCapabilities = {
							com.apple.InAppPurchase = {
								enabled = 1;
							};
						};
					};
				};
			};
			buildConfigurationList = 893FB65F20B8494A007771A3 /* Build configuration list for PBXProject "Timely2" */;
			compatibilityVersion = "Xcode 9.3";
			developmentRegion = en;
			hasScannedForEncodings = 0;
			knownRegions = (
				en,
				Base,
			);
			mainGroup = 893FB65B20B8494A007771A3;
			productRefGroup = 893FB66520B8494A007771A3 /* Products */;
			projectDirPath = "";
			projectRoot = "";
			targets = (
				893FB66320B8494A007771A3 /* Timely2 */,
			);
		};
/* End PBXProject section */

/* Begin PBXResourcesBuildPhase section */
		893FB66220B8494A007771A3 /* Resources */ = {
			isa = PBXResourcesBuildPhase;
			buildActionMask = 2147483647;
			files = (
				893FB67420B8494D007771A3 /* LaunchScreen.storyboard in Resources */,
				893FB67120B8494D007771A3 /* Assets.xcassets in Resources */,
				893FB66F20B8494B007771A3 /* Main.storyboard in Resources */,
			);
			runOnlyForDeploymentPostprocessing = 0;
		};
/* End PBXResourcesBuildPhase section */

/* Begin PBXShellScriptBuildPhase section */
		894B80C720B9695D002C313E /* ShellScript */ = {
			isa = PBXShellScriptBuildPhase;
			buildActionMask = 12;
			files = (
			);
			inputPaths = (
				"$(SRCROOT)/Carthage/Build/iOS/Alamofire.framework",
				"$(SRCROOT)/Carthage/Build/iOS/SwiftyJSON.framework",
				"$(SRCROOT)/Carthage/Build/iOS/PromiseKit.framework",
			);
			outputPaths = (
			);
			runOnlyForDeploymentPostprocessing = 0;
			shellPath = /bin/sh;
			shellScript = "/usr/local/bin/carthage copy-frameworks";
		};
/* End PBXShellScriptBuildPhase section */

/* Begin PBXSourcesBuildPhase section */
		893FB66020B8494A007771A3 /* Sources */ = {
			isa = PBXSourcesBuildPhase;
			buildActionMask = 2147483647;
			files = (
				894B80BD20B95D7E002C313E /* ItemCell.swift in Sources */,
				893FB66C20B8494B007771A3 /* DetailViewController.swift in Sources */,
				891E119A2143CD2900871615 /* Item.swift in Sources */,
				8918A73620BC7EEC00129A0E /* CommentsDataSource.swift in Sources */,
				893FB66A20B8494B007771A3 /* MasterViewController.swift in Sources */,
				893FB66820B8494A007771A3 /* AppDelegate.swift in Sources */,
				892E2FED215370D3001E05BF /* AsyncOperation.swift in Sources */,
				8918A73420BC784E00129A0E /* CommentCell.swift in Sources */,
			);
			runOnlyForDeploymentPostprocessing = 0;
		};
/* End PBXSourcesBuildPhase section */

/* Begin PBXVariantGroup section */
		893FB66D20B8494B007771A3 /* Main.storyboard */ = {
			isa = PBXVariantGroup;
			children = (
				893FB66E20B8494B007771A3 /* Base */,
			);
			name = Main.storyboard;
			sourceTree = "<group>";
		};
		893FB67220B8494D007771A3 /* LaunchScreen.storyboard */ = {
			isa = PBXVariantGroup;
			children = (
				893FB67320B8494D007771A3 /* Base */,
			);
			name = LaunchScreen.storyboard;
			sourceTree = "<group>";
		};
/* End PBXVariantGroup section */

/* Begin XCBuildConfiguration section */
		893FB67620B8494D007771A3 /* Debug */ = {
			isa = XCBuildConfiguration;
			buildSettings = {
				ALWAYS_SEARCH_USER_PATHS = NO;
				CLANG_ANALYZER_NONNULL = YES;
				CLANG_ANALYZER_NUMBER_OBJECT_CONVERSION = YES_AGGRESSIVE;
				CLANG_CXX_LANGUAGE_STANDARD = "gnu++14";
				CLANG_CXX_LIBRARY = "libc++";
				CLANG_ENABLE_MODULES = YES;
				CLANG_ENABLE_OBJC_ARC = YES;
				CLANG_ENABLE_OBJC_WEAK = YES;
				CLANG_WARN_BLOCK_CAPTURE_AUTORELEASING = YES;
				CLANG_WARN_BOOL_CONVERSION = YES;
				CLANG_WARN_COMMA = YES;
				CLANG_WARN_CONSTANT_CONVERSION = YES;
				CLANG_WARN_DEPRECATED_OBJC_IMPLEMENTATIONS = YES;
				CLANG_WARN_DIRECT_OBJC_ISA_USAGE = YES_ERROR;
				CLANG_WARN_DOCUMENTATION_COMMENTS = YES;
				CLANG_WARN_EMPTY_BODY = YES;
				CLANG_WARN_ENUM_CONVERSION = YES;
				CLANG_WARN_INFINITE_RECURSION = YES;
				CLANG_WARN_INT_CONVERSION = YES;
				CLANG_WARN_NON_LITERAL_NULL_CONVERSION = YES;
				CLANG_WARN_OBJC_IMPLICIT_RETAIN_SELF = YES;
				CLANG_WARN_OBJC_LITERAL_CONVERSION = YES;
				CLANG_WARN_OBJC_ROOT_CLASS = YES_ERROR;
				CLANG_WARN_RANGE_LOOP_ANALYSIS = YES;
				CLANG_WARN_STRICT_PROTOTYPES = YES;
				CLANG_WARN_SUSPICIOUS_MOVE = YES;
				CLANG_WARN_UNGUARDED_AVAILABILITY = YES_AGGRESSIVE;
				CLANG_WARN_UNREACHABLE_CODE = YES;
				CLANG_WARN__DUPLICATE_METHOD_MATCH = YES;
				CODE_SIGN_IDENTITY = "iPhone Developer";
				COPY_PHASE_STRIP = NO;
				DEBUG_INFORMATION_FORMAT = dwarf;
				ENABLE_STRICT_OBJC_MSGSEND = YES;
				ENABLE_TESTABILITY = YES;
				GCC_C_LANGUAGE_STANDARD = gnu11;
				GCC_DYNAMIC_NO_PIC = NO;
				GCC_NO_COMMON_BLOCKS = YES;
				GCC_OPTIMIZATION_LEVEL = 0;
				GCC_PREPROCESSOR_DEFINITIONS = (
					"DEBUG=1",
					"$(inherited)",
				);
				GCC_WARN_64_TO_32_BIT_CONVERSION = YES;
				GCC_WARN_ABOUT_RETURN_TYPE = YES_ERROR;
				GCC_WARN_UNDECLARED_SELECTOR = YES;
				GCC_WARN_UNINITIALIZED_AUTOS = YES_AGGRESSIVE;
				GCC_WARN_UNUSED_FUNCTION = YES;
				GCC_WARN_UNUSED_VARIABLE = YES;
				IPHONEOS_DEPLOYMENT_TARGET = 11.3;
				MTL_ENABLE_DEBUG_INFO = YES;
				ONLY_ACTIVE_ARCH = YES;
				SDKROOT = iphoneos;
				SWIFT_ACTIVE_COMPILATION_CONDITIONS = DEBUG;
				SWIFT_OPTIMIZATION_LEVEL = "-Onone";
			};
			name = Debug;
		};
		893FB67720B8494D007771A3 /* Release */ = {
			isa = XCBuildConfiguration;
			buildSettings = {
				ALWAYS_SEARCH_USER_PATHS = NO;
				CLANG_ANALYZER_NONNULL = YES;
				CLANG_ANALYZER_NUMBER_OBJECT_CONVERSION = YES_AGGRESSIVE;
				CLANG_CXX_LANGUAGE_STANDARD = "gnu++14";
				CLANG_CXX_LIBRARY = "libc++";
				CLANG_ENABLE_MODULES = YES;
				CLANG_ENABLE_OBJC_ARC = YES;
				CLANG_ENABLE_OBJC_WEAK = YES;
				CLANG_WARN_BLOCK_CAPTURE_AUTORELEASING = YES;
				CLANG_WARN_BOOL_CONVERSION = YES;
				CLANG_WARN_COMMA = YES;
				CLANG_WARN_CONSTANT_CONVERSION = YES;
				CLANG_WARN_DEPRECATED_OBJC_IMPLEMENTATIONS = YES;
				CLANG_WARN_DIRECT_OBJC_ISA_USAGE = YES_ERROR;
				CLANG_WARN_DOCUMENTATION_COMMENTS = YES;
				CLANG_WARN_EMPTY_BODY = YES;
				CLANG_WARN_ENUM_CONVERSION = YES;
				CLANG_WARN_INFINITE_RECURSION = YES;
				CLANG_WARN_INT_CONVERSION = YES;
				CLANG_WARN_NON_LITERAL_NULL_CONVERSION = YES;
				CLANG_WARN_OBJC_IMPLICIT_RETAIN_SELF = YES;
				CLANG_WARN_OBJC_LITERAL_CONVERSION = YES;
				CLANG_WARN_OBJC_ROOT_CLASS = YES_ERROR;
				CLANG_WARN_RANGE_LOOP_ANALYSIS = YES;
				CLANG_WARN_STRICT_PROTOTYPES = YES;
				CLANG_WARN_SUSPICIOUS_MOVE = YES;
				CLANG_WARN_UNGUARDED_AVAILABILITY = YES_AGGRESSIVE;
				CLANG_WARN_UNREACHABLE_CODE = YES;
				CLANG_WARN__DUPLICATE_METHOD_MATCH = YES;
				CODE_SIGN_IDENTITY = "iPhone Developer";
				COPY_PHASE_STRIP = NO;
				DEBUG_INFORMATION_FORMAT = "dwarf-with-dsym";
				ENABLE_NS_ASSERTIONS = NO;
				ENABLE_STRICT_OBJC_MSGSEND = YES;
				GCC_C_LANGUAGE_STANDARD = gnu11;
				GCC_NO_COMMON_BLOCKS = YES;
				GCC_WARN_64_TO_32_BIT_CONVERSION = YES;
				GCC_WARN_ABOUT_RETURN_TYPE = YES_ERROR;
				GCC_WARN_UNDECLARED_SELECTOR = YES;
				GCC_WARN_UNINITIALIZED_AUTOS = YES_AGGRESSIVE;
				GCC_WARN_UNUSED_FUNCTION = YES;
				GCC_WARN_UNUSED_VARIABLE = YES;
				IPHONEOS_DEPLOYMENT_TARGET = 11.3;
				MTL_ENABLE_DEBUG_INFO = NO;
				SDKROOT = iphoneos;
				SWIFT_COMPILATION_MODE = wholemodule;
				SWIFT_OPTIMIZATION_LEVEL = "-O";
				VALIDATE_PRODUCT = YES;
			};
			name = Release;
		};
		893FB67920B8494D007771A3 /* Debug */ = {
			isa = XCBuildConfiguration;
			buildSettings = {
				ASSETCATALOG_COMPILER_APPICON_NAME = AppIcon;
				CODE_SIGN_STYLE = Automatic;
				DEVELOPMENT_TEAM = V7S7GB28P7;
				FRAMEWORK_SEARCH_PATHS = (
					"$(inherited)",
					"$(PROJECT_DIR)/Carthage/Build/iOS",
				);
				INFOPLIST_FILE = Timely2/Info.plist;
				LD_RUNPATH_SEARCH_PATHS = (
					"$(inherited)",
					"@executable_path/Frameworks",
				);
				PRODUCT_BUNDLE_IDENTIFIER = mihaileonte.Timely2;
				PRODUCT_NAME = "$(TARGET_NAME)";
				SWIFT_VERSION = 4.0;
				TARGETED_DEVICE_FAMILY = 1;
			};
			name = Debug;
		};
		893FB67A20B8494D007771A3 /* Release */ = {
			isa = XCBuildConfiguration;
			buildSettings = {
				ASSETCATALOG_COMPILER_APPICON_NAME = AppIcon;
				CODE_SIGN_STYLE = Automatic;
				DEVELOPMENT_TEAM = V7S7GB28P7;
				FRAMEWORK_SEARCH_PATHS = (
					"$(inherited)",
					"$(PROJECT_DIR)/Carthage/Build/iOS",
				);
				INFOPLIST_FILE = Timely2/Info.plist;
				LD_RUNPATH_SEARCH_PATHS = (
					"$(inherited)",
					"@executable_path/Frameworks",
				);
				PRODUCT_BUNDLE_IDENTIFIER = mihaileonte.Timely2;
				PRODUCT_NAME = "$(TARGET_NAME)";
				SWIFT_VERSION = 4.0;
				TARGETED_DEVICE_FAMILY = 1;
			};
			name = Release;
		};
/* End XCBuildConfiguration section */

/* Begin XCConfigurationList section */
		893FB65F20B8494A007771A3 /* Build configuration list for PBXProject "Timely2" */ = {
			isa = XCConfigurationList;
			buildConfigurations = (
				893FB67620B8494D007771A3 /* Debug */,
				893FB67720B8494D007771A3 /* Release */,
			);
			defaultConfigurationIsVisible = 0;
			defaultConfigurationName = Release;
		};
		893FB67820B8494D007771A3 /* Build configuration list for PBXNativeTarget "Timely2" */ = {
			isa = XCConfigurationList;
			buildConfigurations = (
				893FB67920B8494D007771A3 /* Debug */,
				893FB67A20B8494D007771A3 /* Release */,
			);
			defaultConfigurationIsVisible = 0;
			defaultConfigurationName = Release;
		};
/* End XCConfigurationList section */
	};
	rootObject = 893FB65C20B8494A007771A3 /* Project object */;
}
